
Microsoft Visual Studio Solution File, Format Version 12.00
# Visual Studio Version 16
VisualStudioVersion = 16.0.31112.23
MinimumVisualStudioVersion = 10.0.40219.1
Project("{FAE04EC0-301F-11D3-BF4B-00C04F79EFBC}") = "CaMS", "CaMS.csproj", "{63364446-BA1A-48D4-8DFE-691797F27CF3}"
EndProject
Global
	GlobalSection(SolutionConfigurationPlatforms) = preSolution
		Debug|Any CPU = Debug|Any CPU
		Release|Any CPU = Release|Any CPU
	EndGlobalSection
	GlobalSection(ProjectConfigurationPlatforms) = postSolution
		{63364446-BA1A-48D4-8DFE-691797F27CF3}.Debug|Any CPU.ActiveCfg = Debug|Any CPU
		{63364446-BA1A-48D4-8DFE-691797F27CF3}.Debug|Any CPU.Build.0 = Debug|Any CPU
		{63364446-BA1A-48D4-8DFE-691797F27CF3}.Release|Any CPU.ActiveCfg = Release|Any CPU
		{63364446-BA1A-48D4-8DFE-691797F27CF3}.Release|Any CPU.Build.0 = Release|Any CPU
	EndGlobalSection
	GlobalSection(SolutionProperties) = preSolution
		HideSolutionNode = FALSE
	EndGlobalSection
	GlobalSection(ExtensibilityGlobals) = postSolution
		SolutionGuid = {E83BF131-F84C-4944-88C1-359412238B7B}
	EndGlobalSection
EndGlobal
